
Microsoft Visual Studio Solution File, Format Version 11.00
# Visual Studio 2010
Project("{2150E333-8FDC-42A3-9474-1A3956D46DE8}") = "JXPlatFrom.Client", "JXPlatFrom.Client", "{177F9582-173D-450B-A3DB-76FA33FA273D}"
EndProject
Project("{2150E333-8FDC-42A3-9474-1A3956D46DE8}") = "JXPlatFrom.Server", "JXPlatFrom.Server", "{2D3F1EF0-90D1-4D61-A0BC-C10E834885BE}"
EndProject
Project("{FAE04EC0-301F-11D3-BF4B-00C04F79EFBC}") = "JXPlatForm.Client", "JXPlatForm.Client\JXPlatForm.Client.csproj", "{6009C5BD-8D05-46C2-B785-A5A09C89BF59}"
EndProject
Project("{2150E333-8FDC-42A3-9474-1A3956D46DE8}") = "JXPlatFrom.Common", "JXPlatFrom.Common", "{33E58EB6-F74F-49E5-98A1-ED5FF3A14CAC}"
EndProject
Project("{2150E333-8FDC-42A3-9474-1A3956D46DE8}") = "JXPlatFrom.DataBase", "JXPlatFrom.DataBase", "{97559875-2934-4F43-9A2D-1174F8084259}"
EndProject
Project("{FAE04EC0-301F-11D3-BF4B-00C04F79EFBC}") = "JXPlatFrom.Server", "JXPlatFrom.Server\JXPlatFrom.Server.csproj", "{1BB18904-26BD-4820-9B6E-5466BAA5202B}"
EndProject
Project("{2150E333-8FDC-42A3-9474-1A3956D46DE8}") = "JXPlatFrom.Expand", "JXPlatFrom.Expand", "{766CBA70-62C9-469C-972F-DBD0872F608E}"
EndProject
Project("{FAE04EC0-301F-11D3-BF4B-00C04F79EFBC}") = "ClientCommunication", "ClientCommunication\ClientCommunication.csproj", "{81E7AC95-C5A3-4125-8C34-A09CFB6492A1}"
EndProject
Project("{FAE04EC0-301F-11D3-BF4B-00C04F79EFBC}") = "ClientResources", "ClientResources\ClientResources.csproj", "{126597FC-6562-49AA-81E3-F6A7D7B043CD}"
EndProject
Project("{FAE04EC0-301F-11D3-BF4B-00C04F79EFBC}") = "ClientControls", "ClientControls\ClientControls.csproj", "{34F1ED26-7FD8-4F98-BE53-634310C68EDC}"
EndProject
Project("{FAE04EC0-301F-11D3-BF4B-00C04F79EFBC}") = "ClientLibrary", "ClientLibrary\ClientLibrary.csproj", "{97966B16-84B2-41EC-A674-0AB52D33BF1F}"
EndProject
Project("{FAE04EC0-301F-11D3-BF4B-00C04F79EFBC}") = "CommonLib", "CommonLib\CommonLib.csproj", "{E917A24E-890E-48E8-A35A-611F3EB24140}"
EndProject
Project("{FAE04EC0-301F-11D3-BF4B-00C04F79EFBC}") = "DataBaseManager", "DataBaseManager\DataBaseManager.csproj", "{65425227-C700-4E9D-BF2D-0C237417B101}"
EndProject
Project("{FAE04EC0-301F-11D3-BF4B-00C04F79EFBC}") = "ServerImage", "ServerImage\ServerImage.csproj", "{F6D4A95D-550D-4D1F-A38D-8309F7CBBDF7}"
EndProject
Project("{FAE04EC0-301F-11D3-BF4B-00C04F79EFBC}") = "ExpandDemo", "ExpandDemo\ExpandDemo.csproj", "{18D9ADF3-AE44-450D-96B3-7C78D1AE86B6}"
EndProject
Global
	GlobalSection(SolutionConfigurationPlatforms) = preSolution
		Debug|Any CPU = Debug|Any CPU
		Debug|Mixed Platforms = Debug|Mixed Platforms
		Debug|x86 = Debug|x86
		Release|Any CPU = Release|Any CPU
		Release|Mixed Platforms = Release|Mixed Platforms
		Release|x86 = Release|x86
	EndGlobalSection
	GlobalSection(ProjectConfigurationPlatforms) = postSolution
		{6009C5BD-8D05-46C2-B785-A5A09C89BF59}.Debug|Any CPU.ActiveCfg = Debug|x86
		{6009C5BD-8D05-46C2-B785-A5A09C89BF59}.Debug|Mixed Platforms.ActiveCfg = Debug|x86
		{6009C5BD-8D05-46C2-B785-A5A09C89BF59}.Debug|Mixed Platforms.Build.0 = Debug|x86
		{6009C5BD-8D05-46C2-B785-A5A09C89BF59}.Debug|x86.ActiveCfg = Debug|x86
		{6009C5BD-8D05-46C2-B785-A5A09C89BF59}.Debug|x86.Build.0 = Debug|x86
		{6009C5BD-8D05-46C2-B785-A5A09C89BF59}.Release|Any CPU.ActiveCfg = Release|x86
		{6009C5BD-8D05-46C2-B785-A5A09C89BF59}.Release|Mixed Platforms.ActiveCfg = Release|x86
		{6009C5BD-8D05-46C2-B785-A5A09C89BF59}.Release|Mixed Platforms.Build.0 = Release|x86
		{6009C5BD-8D05-46C2-B785-A5A09C89BF59}.Release|x86.ActiveCfg = Release|x86
		{6009C5BD-8D05-46C2-B785-A5A09C89BF59}.Release|x86.Build.0 = Release|x86
		{1BB18904-26BD-4820-9B6E-5466BAA5202B}.Debug|Any CPU.ActiveCfg = Debug|x86
		{1BB18904-26BD-4820-9B6E-5466BAA5202B}.Debug|Mixed Platforms.ActiveCfg = Debug|x86
		{1BB18904-26BD-4820-9B6E-5466BAA5202B}.Debug|Mixed Platforms.Build.0 = Debug|x86
		{1BB18904-26BD-4820-9B6E-5466BAA5202B}.Debug|x86.ActiveCfg = Debug|x86
		{1BB18904-26BD-4820-9B6E-5466BAA5202B}.Debug|x86.Build.0 = Debug|x86
		{1BB18904-26BD-4820-9B6E-5466BAA5202B}.Release|Any CPU.ActiveCfg = Release|x86
		{1BB18904-26BD-4820-9B6E-5466BAA5202B}.Release|Mixed Platforms.ActiveCfg = Release|x86
		{1BB18904-26BD-4820-9B6E-5466BAA5202B}.Release|Mixed Platforms.Build.0 = Release|x86
		{1BB18904-26BD-4820-9B6E-5466BAA5202B}.Release|x86.ActiveCfg = Release|x86
		{1BB18904-26BD-4820-9B6E-5466BAA5202B}.Release|x86.Build.0 = Release|x86
		{81E7AC95-C5A3-4125-8C34-A09CFB6492A1}.Debug|Any CPU.ActiveCfg = Debug|Any CPU
		{81E7AC95-C5A3-4125-8C34-A09CFB6492A1}.Debug|Any CPU.Build.0 = Debug|Any CPU
		{81E7AC95-C5A3-4125-8C34-A09CFB6492A1}.Debug|Mixed Platforms.ActiveCfg = Debug|Any CPU
		{81E7AC95-C5A3-4125-8C34-A09CFB6492A1}.Debug|Mixed Platforms.Build.0 = Debug|Any CPU
		{81E7AC95-C5A3-4125-8C34-A09CFB6492A1}.Debug|x86.ActiveCfg = Debug|Any CPU
		{81E7AC95-C5A3-4125-8C34-A09CFB6492A1}.Release|Any CPU.ActiveCfg = Release|Any CPU
		{81E7AC95-C5A3-4125-8C34-A09CFB6492A1}.Release|Any CPU.Build.0 = Release|Any CPU
		{81E7AC95-C5A3-4125-8C34-A09CFB6492A1}.Release|Mixed Platforms.ActiveCfg = Release|Any CPU
		{81E7AC95-C5A3-4125-8C34-A09CFB6492A1}.Release|Mixed Platforms.Build.0 = Release|Any CPU
		{81E7AC95-C5A3-4125-8C34-A09CFB6492A1}.Release|x86.ActiveCfg = Release|Any CPU
		{126597FC-6562-49AA-81E3-F6A7D7B043CD}.Debug|Any CPU.ActiveCfg = Debug|Any CPU
		{126597FC-6562-49AA-81E3-F6A7D7B043CD}.Debug|Any CPU.Build.0 = Debug|Any CPU
		{126597FC-6562-49AA-81E3-F6A7D7B043CD}.Debug|Mixed Platforms.ActiveCfg = Debug|Any CPU
		{126597FC-6562-49AA-81E3-F6A7D7B043CD}.Debug|Mixed Platforms.Build.0 = Debug|Any CPU
		{126597FC-6562-49AA-81E3-F6A7D7B043CD}.Debug|x86.ActiveCfg = Debug|Any CPU
		{126597FC-6562-49AA-81E3-F6A7D7B043CD}.Release|Any CPU.ActiveCfg = Release|Any CPU
		{126597FC-6562-49AA-81E3-F6A7D7B043CD}.Release|Any CPU.Build.0 = Release|Any CPU
		{126597FC-6562-49AA-81E3-F6A7D7B043CD}.Release|Mixed Platforms.ActiveCfg = Release|Any CPU
		{126597FC-6562-49AA-81E3-F6A7D7B043CD}.Release|Mixed Platforms.Build.0 = Release|Any CPU
		{126597FC-6562-49AA-81E3-F6A7D7B043CD}.Release|x86.ActiveCfg = Release|Any CPU
		{34F1ED26-7FD8-4F98-BE53-634310C68EDC}.Debug|Any CPU.ActiveCfg = Debug|Any CPU
		{34F1ED26-7FD8-4F98-BE53-634310C68EDC}.Debug|Any CPU.Build.0 = Debug|Any CPU
		{34F1ED26-7FD8-4F98-BE53-634310C68EDC}.Debug|Mixed Platforms.ActiveCfg = Debug|Any CPU
		{34F1ED26-7FD8-4F98-BE53-634310C68EDC}.Debug|Mixed Platforms.Build.0 = Debug|Any CPU
		{34F1ED26-7FD8-4F98-BE53-634310C68EDC}.Debug|x86.ActiveCfg = Debug|Any CPU
		{34F1ED26-7FD8-4F98-BE53-634310C68EDC}.Release|Any CPU.ActiveCfg = Release|Any CPU
		{34F1ED26-7FD8-4F98-BE53-634310C68EDC}.Release|Any CPU.Build.0 = Release|Any CPU
		{34F1ED26-7FD8-4F98-BE53-634310C68EDC}.Release|Mixed Platforms.ActiveCfg = Release|Any CPU
		{34F1ED26-7FD8-4F98-BE53-634310C68EDC}.Release|Mixed Platforms.Build.0 = Release|Any CPU
		{34F1ED26-7FD8-4F98-BE53-634310C68EDC}.Release|x86.ActiveCfg = Release|Any CPU
		{97966B16-84B2-41EC-A674-0AB52D33BF1F}.Debug|Any CPU.ActiveCfg = Debug|Any CPU
		{97966B16-84B2-41EC-A674-0AB52D33BF1F}.Debug|Any CPU.Build.0 = Debug|Any CPU
		{97966B16-84B2-41EC-A674-0AB52D33BF1F}.Debug|Mixed Platforms.ActiveCfg = Debug|Any CPU
		{97966B16-84B2-41EC-A674-0AB52D33BF1F}.Debug|Mixed Platforms.Build.0 = Debug|Any CPU
		{97966B16-84B2-41EC-A674-0AB52D33BF1F}.Debug|x86.ActiveCfg = Debug|Any CPU
		{97966B16-84B2-41EC-A674-0AB52D33BF1F}.Release|Any CPU.ActiveCfg = Release|Any CPU
		{97966B16-84B2-41EC-A674-0AB52D33BF1F}.Release|Any CPU.Build.0 = Release|Any CPU
		{97966B16-84B2-41EC-A674-0AB52D33BF1F}.Release|Mixed Platforms.ActiveCfg = Release|Any CPU
		{97966B16-84B2-41EC-A674-0AB52D33BF1F}.Release|Mixed Platforms.Build.0 = Release|Any CPU
		{97966B16-84B2-41EC-A674-0AB52D33BF1F}.Release|x86.ActiveCfg = Release|Any CPU
		{E917A24E-890E-48E8-A35A-611F3EB24140}.Debug|Any CPU.ActiveCfg = Debug|Any CPU
		{E917A24E-890E-48E8-A35A-611F3EB24140}.Debug|Any CPU.Build.0 = Debug|Any CPU
		{E917A24E-890E-48E8-A35A-611F3EB24140}.Debug|Mixed Platforms.ActiveCfg = Debug|Any CPU
		{E917A24E-890E-48E8-A35A-611F3EB24140}.Debug|Mixed Platforms.Build.0 = Debug|Any CPU
		{E917A24E-890E-48E8-A35A-611F3EB24140}.Debug|x86.ActiveCfg = Debug|Any CPU
		{E917A24E-890E-48E8-A35A-611F3EB24140}.Release|Any CPU.ActiveCfg = Release|Any CPU
		{E917A24E-890E-48E8-A35A-611F3EB24140}.Release|Any CPU.Build.0 = Release|Any CPU
		{E917A24E-890E-48E8-A35A-611F3EB24140}.Release|Mixed Platforms.ActiveCfg = Release|Any CPU
		{E917A24E-890E-48E8-A35A-611F3EB24140}.Release|Mixed Platforms.Build.0 = Release|Any CPU
		{E917A24E-890E-48E8-A35A-611F3EB24140}.Release|x86.ActiveCfg = Release|Any CPU
		{65425227-C700-4E9D-BF2D-0C237417B101}.Debug|Any CPU.ActiveCfg = Debug|Any CPU
		{65425227-C700-4E9D-BF2D-0C237417B101}.Debug|Any CPU.Build.0 = Debug|Any CPU
		{65425227-C700-4E9D-BF2D-0C237417B101}.Debug|Mixed Platforms.ActiveCfg = Debug|Any CPU
		{65425227-C700-4E9D-BF2D-0C237417B101}.Debug|Mixed Platforms.Build.0 = Debug|Any CPU
		{65425227-C700-4E9D-BF2D-0C237417B101}.Debug|x86.ActiveCfg = Debug|Any CPU
		{65425227-C700-4E9D-BF2D-0C237417B101}.Release|Any CPU.ActiveCfg = Release|Any CPU
		{65425227-C700-4E9D-BF2D-0C237417B101}.Release|Any CPU.Build.0 = Release|Any CPU
		{65425227-C700-4E9D-BF2D-0C237417B101}.Release|Mixed Platforms.ActiveCfg = Release|Any CPU
		{65425227-C700-4E9D-BF2D-0C237417B101}.Release|Mixed Platforms.Build.0 = Release|Any CPU
		{65425227-C700-4E9D-BF2D-0C237417B101}.Release|x86.ActiveCfg = Release|Any CPU
		{F6D4A95D-550D-4D1F-A38D-8309F7CBBDF7}.Debug|Any CPU.ActiveCfg = Debug|Any CPU
		{F6D4A95D-550D-4D1F-A38D-8309F7CBBDF7}.Debug|Any CPU.Build.0 = Debug|Any CPU
		{F6D4A95D-550D-4D1F-A38D-8309F7CBBDF7}.Debug|Mixed Platforms.ActiveCfg = Debug|Any CPU
		{F6D4A95D-550D-4D1F-A38D-8309F7CBBDF7}.Debug|Mixed Platforms.Build.0 = Debug|Any CPU
		{F6D4A95D-550D-4D1F-A38D-8309F7CBBDF7}.Debug|x86.ActiveCfg = Debug|Any CPU
		{F6D4A95D-550D-4D1F-A38D-8309F7CBBDF7}.Release|Any CPU.ActiveCfg = Release|Any CPU
		{F6D4A95D-550D-4D1F-A38D-8309F7CBBDF7}.Release|Any CPU.Build.0 = Release|Any CPU
		{F6D4A95D-550D-4D1F-A38D-8309F7CBBDF7}.Release|Mixed Platforms.ActiveCfg = Release|Any CPU
		{F6D4A95D-550D-4D1F-A38D-8309F7CBBDF7}.Release|Mixed Platforms.Build.0 = Release|Any CPU
		{F6D4A95D-550D-4D1F-A38D-8309F7CBBDF7}.Release|x86.ActiveCfg = Release|Any CPU
		{18D9ADF3-AE44-450D-96B3-7C78D1AE86B6}.Debug|Any CPU.ActiveCfg = Debug|Any CPU
		{18D9ADF3-AE44-450D-96B3-7C78D1AE86B6}.Debug|Any CPU.Build.0 = Debug|Any CPU
		{18D9ADF3-AE44-450D-96B3-7C78D1AE86B6}.Debug|Mixed Platforms.ActiveCfg = Debug|Any CPU
		{18D9ADF3-AE44-450D-96B3-7C78D1AE86B6}.Debug|Mixed Platforms.Build.0 = Debug|Any CPU
		{18D9ADF3-AE44-450D-96B3-7C78D1AE86B6}.Debug|x86.ActiveCfg = Debug|Any CPU
		{18D9ADF3-AE44-450D-96B3-7C78D1AE86B6}.Release|Any CPU.ActiveCfg = Release|Any CPU
		{18D9ADF3-AE44-450D-96B3-7C78D1AE86B6}.Release|Any CPU.Build.0 = Release|Any CPU
		{18D9ADF3-AE44-450D-96B3-7C78D1AE86B6}.Release|Mixed Platforms.ActiveCfg = Release|Any CPU
		{18D9ADF3-AE44-450D-96B3-7C78D1AE86B6}.Release|Mixed Platforms.Build.0 = Release|Any CPU
		{18D9ADF3-AE44-450D-96B3-7C78D1AE86B6}.Release|x86.ActiveCfg = Release|Any CPU
	EndGlobalSection
	GlobalSection(SolutionProperties) = preSolution
		HideSolutionNode = FALSE
	EndGlobalSection
	GlobalSection(NestedProjects) = preSolution
		{6009C5BD-8D05-46C2-B785-A5A09C89BF59} = {177F9582-173D-450B-A3DB-76FA33FA273D}
		{81E7AC95-C5A3-4125-8C34-A09CFB6492A1} = {177F9582-173D-450B-A3DB-76FA33FA273D}
		{126597FC-6562-49AA-81E3-F6A7D7B043CD} = {177F9582-173D-450B-A3DB-76FA33FA273D}
		{34F1ED26-7FD8-4F98-BE53-634310C68EDC} = {177F9582-173D-450B-A3DB-76FA33FA273D}
		{97966B16-84B2-41EC-A674-0AB52D33BF1F} = {177F9582-173D-450B-A3DB-76FA33FA273D}
		{1BB18904-26BD-4820-9B6E-5466BAA5202B} = {2D3F1EF0-90D1-4D61-A0BC-C10E834885BE}
		{F6D4A95D-550D-4D1F-A38D-8309F7CBBDF7} = {2D3F1EF0-90D1-4D61-A0BC-C10E834885BE}
		{E917A24E-890E-48E8-A35A-611F3EB24140} = {33E58EB6-F74F-49E5-98A1-ED5FF3A14CAC}
		{65425227-C700-4E9D-BF2D-0C237417B101} = {97559875-2934-4F43-9A2D-1174F8084259}
		{18D9ADF3-AE44-450D-96B3-7C78D1AE86B6} = {766CBA70-62C9-469C-972F-DBD0872F608E}
	EndGlobalSection
EndGlobal
